<?xml version="1.0" encoding="utf-8"?>
<Project ToolsVersion="4.0" xmlns="http://schemas.microsoft.com/developer/msbuild/2003">
  <ItemGroup>
    <Filter Include="Source Files">
      <UniqueIdentifier>{4FC737F1-C7A5-4376-A066-2A32D752A2FF}</UniqueIdentifier>
      <Extensions>cpp;c;cc;cxx;def;odl;idl;hpj;bat;asm;asmx</Extensions>
    </Filter>
    <Filter Include="Header Files">
      <UniqueIdentifier>{93995380-89BD-4b04-88EB-625FBE52EBFB}</UniqueIdentifier>
      <Extensions>h;hh;hpp;hxx;hm;inl;inc;ipp;xsd</Extensions>
    </Filter>
    <Filter Include="Resource Files">
      <UniqueIdentifier>{67DA6AB6-F800-4c08-8B7A-83BB121AAD01}</UniqueIdentifier>
      <Extensions>rc;ico;cur;bmp;dlg;rc2;rct;bin;rgs;gif;jpg;jpeg;jpe;resx;tiff;tif;png;wav;mfcribbon-ms</Extensions>
    </Filter>
  </ItemGroup>
  <ItemGroup>
    <ClCompile Include="envelope.cc">
      <Filter>Source Files</Filter>
    </ClCompile>
    <ClCompile Include="extfilt.cc">
      <Filter>Source Files</Filter>
    </ClCompile>
    <ClCompile Include="filter.cc">
      <Filter>Source Files</Filter>
    </ClCompile>
    <ClCompile Include="pot.cc">
      <Filter>Source Files</Filter>
    </ClCompile>
    <ClCompile Include="sid.cc">
      <Filter>Source Files</Filter>
    </ClCompile>
    <ClCompile Include="version.cc">
      <Filter>Source Files</Filter>
    </ClCompile>
    <ClCompile Include="voice.cc">
      <Filter>Source Files</Filter>
    </ClCompile>
    <ClCompile Include="wave.cc">
      <Filter>Source Files</Filter>
    </ClCompile>
    <ClCompile Include="wave6581__ST.cc">
      <Filter>Source Files</Filter>
    </ClCompile>
    <ClCompile Include="wave6581_P_T.cc">
      <Filter>Source Files</Filter>
    </ClCompile>
    <ClCompile Include="wave6581_PS_.cc">
      <Filter>Source Files</Filter>
    </ClCompile>
    <ClCompile Include="wave6581_PST.cc">
      <Filter>Source Files</Filter>
    </ClCompile>
    <ClCompile Include="wave8580__ST.cc">
      <Filter>Source Files</Filter>
    </ClCompile>
    <ClCompile Include="wave8580_P_T.cc">
      <Filter>Source Files</Filter>
    </ClCompile>
    <ClCompile Include="wave8580_PS_.cc">
      <Filter>Source Files</Filter>
    </ClCompile>
    <ClCompile Include="wave8580_PST.cc">
      <Filter>Source Files</Filter>
    </ClCompile>
  </ItemGroup>
  <ItemGroup>
    <ClInclude Include="envelope.h">
      <Filter>Header Files</Filter>
    </ClInclude>
    <ClInclude Include="extfilt.h">
      <Filter>Header Files</Filter>
    </ClInclude>
    <ClInclude Include="filter.h">
      <Filter>Header Files</Filter>
    </ClInclude>
    <ClInclude Include="pot.h">
      <Filter>Header Files</Filter>
    </ClInclude>
    <ClInclude Include="sid.h">
      <Filter>Header Files</Filter>
    </ClInclude>
    <ClInclude Include="siddefs.h">
      <Filter>Header Files</Filter>
    </ClInclude>
    <ClInclude Include="spline.h">
      <Filter>Header Files</Filter>
    </ClInclude>
    <ClInclude Include="voice.h">
      <Filter>Header Files</Filter>
    </ClInclude>
    <ClInclude Include="wave.h">
      <Filter>Header Files</Filter>
    </ClInclude>
  </ItemGroup>
</Project>